
Microsoft Visual Studio Solution File, Format Version 12.00
# Visual Studio Version 16
VisualStudioVersion = 16.0.31019.35
MinimumVisualStudioVersion = 10.0.40219.1
Project("{FAE04EC0-301F-11D3-BF4B-00C04F79EFBC}") = "CSharp", "CSharp\CSharp.csproj", "{BB54559E-D9F8-4CF4-96E6-1825795D5AF5}"
EndProject
Global
	GlobalSection(SolutionConfigurationPlatforms) = preSolution
		Debug|Any CPU = Debug|Any CPU
		Release|Any CPU = Release|Any CPU
	EndGlobalSection
	GlobalSection(ProjectConfigurationPlatforms) = postSolution
		{BB54559E-D9F8-4CF4-96E6-1825795D5AF5}.Debug|Any CPU.ActiveCfg = Debug|Any CPU
		{BB54559E-D9F8-4CF4-96E6-1825795D5AF5}.Debug|Any CPU.Build.0 = Debug|Any CPU
		{BB54559E-D9F8-4CF4-96E6-1825795D5AF5}.Release|Any CPU.ActiveCfg = Release|Any CPU
		{BB54559E-D9F8-4CF4-96E6-1825795D5AF5}.Release|Any CPU.Build.0 = Release|Any CPU
	EndGlobalSection
	GlobalSection(SolutionProperties) = preSolution
		HideSolutionNode = FALSE
	EndGlobalSection
	GlobalSection(ExtensibilityGlobals) = postSolution
		SolutionGuid = {A72D147E-8E92-4ADA-9B2D-4AC4A83D27C9}
	EndGlobalSection
EndGlobal
